{
  "name": "repo-a",
  "version": "1.0.0",
  "lockfileVersion": 2,
  "requires": true,
  "packages": {
    "": {
      "version": "1.0.0",
      "license": "ISC",
      "dependencies": {
        "repo-b": "github:adamxa/repo-b"
      }
    },
    "node_modules/repo-b": {
      "version": "1.0.0",
      "resolved": "git+ssh://git@github.com/adamxa/repo-b.git#b986a246f01aed517f0522975c65ca141911fb46",
      "license": "ISC"
    }
  },
  "dependencies": {
    "repo-b": {
      "version": "git+ssh://git@github.com/adamxa/repo-b.git#b986a246f01aed517f0522975c65ca141911fb46",
      "from": "repo-b@github:adamxa/repo-b"
    }
  }
}
